// !$*UTF8*$!
{
	archiveVersion = 1;
	classes = {
	};
	objectVersion = 56;
	objects = {

/* Begin PBXBuildFile section */
		82CD2C682C241E9900C18D98 /* ObjectDetector1.mlmodel in Sources */ = {isa = PBXBuildFile; fileRef = 82CD2C662C241E9900C18D98 /* ObjectDetector1.mlmodel */; };
		82CD2C692C241E9900C18D98 /* ClassificationModel.mlmodel in Sources */ = {isa = PBXBuildFile; fileRef = 82CD2C672C241E9900C18D98 /* ClassificationModel.mlmodel */; };
		82D0138A2C2036D800FEA222 /* NC2_FinalApp.swift in Sources */ = {isa = PBXBuildFile; fileRef = 82D013892C2036D800FEA222 /* NC2_FinalApp.swift */; };
		82D0138C2C2036D800FEA222 /* ContentView.swift in Sources */ = {isa = PBXBuildFile; fileRef = 82D0138B2C2036D800FEA222 /* ContentView.swift */; };
		82D0138E2C2036D900FEA222 /* Assets.xcassets in Resources */ = {isa = PBXBuildFile; fileRef = 82D0138D2C2036D900FEA222 /* Assets.xcassets */; };
		82D013912C2036D900FEA222 /* Preview Assets.xcassets in Resources */ = {isa = PBXBuildFile; fileRef = 82D013902C2036D900FEA222 /* Preview Assets.xcassets */; };
		82D013A02C207E4900FEA222 /* CameraResultView.swift in Sources */ = {isa = PBXBuildFile; fileRef = 82D0139F2C207E4900FEA222 /* CameraResultView.swift */; };
		C75A003B2C23F815002675B5 /* GalleryResultView.swift in Sources */ = {isa = PBXBuildFile; fileRef = C75A003A2C23F815002675B5 /* GalleryResultView.swift */; };
		C75A003E2C23F84A002675B5 /* DecidingTeamView.swift in Sources */ = {isa = PBXBuildFile; fileRef = C75A003D2C23F84A002675B5 /* DecidingTeamView.swift */; };
		C75A00412C23F88E002675B5 /* CameraView.swift in Sources */ = {isa = PBXBuildFile; fileRef = C75A00402C23F88E002675B5 /* CameraView.swift */; };
		C75A00432C23F8A2002675B5 /* DetectionOverlay.swift in Sources */ = {isa = PBXBuildFile; fileRef = C75A00422C23F8A2002675B5 /* DetectionOverlay.swift */; };
		C75A00452C23F8C7002675B5 /* ObjectDetector.swift in Sources */ = {isa = PBXBuildFile; fileRef = C75A00442C23F8C7002675B5 /* ObjectDetector.swift */; };
		C75A00482C23F8FD002675B5 /* ImagePicker.swift in Sources */ = {isa = PBXBuildFile; fileRef = C75A00472C23F8FD002675B5 /* ImagePicker.swift */; };
		C75A004A2C23F914002675B5 /* UIimage.swift in Sources */ = {isa = PBXBuildFile; fileRef = C75A00492C23F914002675B5 /* UIimage.swift */; };
		C75A004D2C23F93F002675B5 /* PhotoData.swift in Sources */ = {isa = PBXBuildFile; fileRef = C75A004C2C23F93F002675B5 /* PhotoData.swift */; };
/* End PBXBuildFile section */

/* Begin PBXFileReference section */
		82CD2C662C241E9900C18D98 /* ObjectDetector1.mlmodel */ = {isa = PBXFileReference; lastKnownFileType = file.mlmodel; name = ObjectDetector1.mlmodel; path = "NC2-Final/ObjectDetector1.mlmodel"; sourceTree = SOURCE_ROOT; };
		82CD2C672C241E9900C18D98 /* ClassificationModel.mlmodel */ = {isa = PBXFileReference; lastKnownFileType = file.mlmodel; name = ClassificationModel.mlmodel; path = "NC2-Final/ClassificationModel.mlmodel"; sourceTree = SOURCE_ROOT; };
		82D013862C2036D800FEA222 /* NC2-Final.app */ = {isa = PBXFileReference; explicitFileType = wrapper.application; includeInIndex = 0; path = "NC2-Final.app"; sourceTree = BUILT_PRODUCTS_DIR; };
		82D013892C2036D800FEA222 /* NC2_FinalApp.swift */ = {isa = PBXFileReference; lastKnownFileType = sourcecode.swift; path = NC2_FinalApp.swift; sourceTree = "<group>"; };
		82D0138B2C2036D800FEA222 /* ContentView.swift */ = {isa = PBXFileReference; lastKnownFileType = sourcecode.swift; path = ContentView.swift; sourceTree = "<group>"; };
		82D0138D2C2036D900FEA222 /* Assets.xcassets */ = {isa = PBXFileReference; lastKnownFileType = folder.assetcatalog; path = Assets.xcassets; sourceTree = "<group>"; };
		82D013902C2036D900FEA222 /* Preview Assets.xcassets */ = {isa = PBXFileReference; lastKnownFileType = folder.assetcatalog; path = "Preview Assets.xcassets"; sourceTree = "<group>"; };
		82D0139F2C207E4900FEA222 /* CameraResultView.swift */ = {isa = PBXFileReference; lastKnownFileType = sourcecode.swift; path = CameraResultView.swift; sourceTree = "<group>"; };
		C75A003A2C23F815002675B5 /* GalleryResultView.swift */ = {isa = PBXFileReference; lastKnownFileType = sourcecode.swift; path = GalleryResultView.swift; sourceTree = "<group>"; };
		C75A003D2C23F84A002675B5 /* DecidingTeamView.swift */ = {isa = PBXFileReference; lastKnownFileType = sourcecode.swift; path = DecidingTeamView.swift; sourceTree = "<group>"; };
		C75A00402C23F88E002675B5 /* CameraView.swift */ = {isa = PBXFileReference; lastKnownFileType = sourcecode.swift; path = CameraView.swift; sourceTree = "<group>"; };
		C75A00422C23F8A2002675B5 /* DetectionOverlay.swift */ = {isa = PBXFileReference; lastKnownFileType = sourcecode.swift; path = DetectionOverlay.swift; sourceTree = "<group>"; };
		C75A00442C23F8C7002675B5 /* ObjectDetector.swift */ = {isa = PBXFileReference; lastKnownFileType = sourcecode.swift; path = ObjectDetector.swift; sourceTree = "<group>"; };
		C75A00472C23F8FD002675B5 /* ImagePicker.swift */ = {isa = PBXFileReference; lastKnownFileType = sourcecode.swift; path = ImagePicker.swift; sourceTree = "<group>"; };
		C75A00492C23F914002675B5 /* UIimage.swift */ = {isa = PBXFileReference; lastKnownFileType = sourcecode.swift; path = UIimage.swift; sourceTree = "<group>"; };
		C75A004C2C23F93F002675B5 /* PhotoData.swift */ = {isa = PBXFileReference; lastKnownFileType = sourcecode.swift; path = PhotoData.swift; sourceTree = "<group>"; };
/* End PBXFileReference section */

/* Begin PBXFrameworksBuildPhase section */
		82D013832C2036D800FEA222 /* Frameworks */ = {
			isa = PBXFrameworksBuildPhase;
			buildActionMask = 2147483647;
			files = (
			);
			runOnlyForDeploymentPostprocessing = 0;
		};
/* End PBXFrameworksBuildPhase section */

/* Begin PBXGroup section */
		82D0137D2C2036D800FEA222 = {
			isa = PBXGroup;
			children = (
				82D013882C2036D800FEA222 /* NC2-Final */,
				82D013872C2036D800FEA222 /* Products */,
			);
			sourceTree = "<group>";
		};
		82D013872C2036D800FEA222 /* Products */ = {
			isa = PBXGroup;
			children = (
				82D013862C2036D800FEA222 /* NC2-Final.app */,
			);
			name = Products;
			sourceTree = "<group>";
		};
		82D013882C2036D800FEA222 /* NC2-Final */ = {
			isa = PBXGroup;
			children = (
				82D013892C2036D800FEA222 /* NC2_FinalApp.swift */,
				C75A003C2C23F828002675B5 /* MainView */,
				C75A003F2C23F871002675B5 /* DetailView */,
				C75A00462C23F8CF002675B5 /* Func */,
				C75A004B2C23F925002675B5 /* Data */,
				82D0138D2C2036D900FEA222 /* Assets.xcassets */,
				82CD2C672C241E9900C18D98 /* ClassificationModel.mlmodel */,
				82CD2C662C241E9900C18D98 /* ObjectDetector1.mlmodel */,
				82D0138F2C2036D900FEA222 /* Preview Content */,
			);
			path = "NC2-Final";
			sourceTree = "<group>";
		};
		82D0138F2C2036D900FEA222 /* Preview Content */ = {
			isa = PBXGroup;
			children = (
				82D013902C2036D900FEA222 /* Preview Assets.xcassets */,
			);
			path = "Preview Content";
			sourceTree = "<group>";
		};
		C75A003C2C23F828002675B5 /* MainView */ = {
			isa = PBXGroup;
			children = (
				82D0138B2C2036D800FEA222 /* ContentView.swift */,
				82D0139F2C207E4900FEA222 /* CameraResultView.swift */,
				C75A003A2C23F815002675B5 /* GalleryResultView.swift */,
				C75A003D2C23F84A002675B5 /* DecidingTeamView.swift */,
			);
			path = MainView;
			sourceTree = "<group>";
		};
		C75A003F2C23F871002675B5 /* DetailView */ = {
			isa = PBXGroup;
			children = (
				C75A00402C23F88E002675B5 /* CameraView.swift */,
				C75A00422C23F8A2002675B5 /* DetectionOverlay.swift */,
			);
			path = DetailView;
			sourceTree = "<group>";
		};
		C75A00462C23F8CF002675B5 /* Func */ = {
			isa = PBXGroup;
			children = (
				C75A00442C23F8C7002675B5 /* ObjectDetector.swift */,
				C75A00472C23F8FD002675B5 /* ImagePicker.swift */,
				C75A00492C23F914002675B5 /* UIimage.swift */,
			);
			path = Func;
			sourceTree = "<group>";
		};
		C75A004B2C23F925002675B5 /* Data */ = {
			isa = PBXGroup;
			children = (
				C75A004C2C23F93F002675B5 /* PhotoData.swift */,
			);
			path = Data;
			sourceTree = "<group>";
		};
/* End PBXGroup section */

/* Begin PBXNativeTarget section */
		82D013852C2036D800FEA222 /* NC2-Final */ = {
			isa = PBXNativeTarget;
			buildConfigurationList = 82D013942C2036D900FEA222 /* Build configuration list for PBXNativeTarget "NC2-Final" */;
			buildPhases = (
				82D013822C2036D800FEA222 /* Sources */,
				82D013832C2036D800FEA222 /* Frameworks */,
				82D013842C2036D800FEA222 /* Resources */,
			);
			buildRules = (
			);
			dependencies = (
			);
			name = "NC2-Final";
			productName = "NC2-Final";
			productReference = 82D013862C2036D800FEA222 /* NC2-Final.app */;
			productType = "com.apple.product-type.application";
		};
/* End PBXNativeTarget section */

/* Begin PBXProject section */
		82D0137E2C2036D800FEA222 /* Project object */ = {
			isa = PBXProject;
			attributes = {
				BuildIndependentTargetsInParallel = 1;
				LastSwiftUpdateCheck = 1540;
				LastUpgradeCheck = 1540;
				TargetAttributes = {
					82D013852C2036D800FEA222 = {
						CreatedOnToolsVersion = 15.4;
					};
				};
			};
			buildConfigurationList = 82D013812C2036D800FEA222 /* Build configuration list for PBXProject "NC2-Final" */;
			compatibilityVersion = "Xcode 14.0";
			developmentRegion = en;
			hasScannedForEncodings = 0;
			knownRegions = (
				en,
				Base,
				ko,
			);
			mainGroup = 82D0137D2C2036D800FEA222;
			productRefGroup = 82D013872C2036D800FEA222 /* Products */;
			projectDirPath = "";
			projectRoot = "";
			targets = (
				82D013852C2036D800FEA222 /* NC2-Final */,
			);
		};
/* End PBXProject section */

/* Begin PBXResourcesBuildPhase section */
		82D013842C2036D800FEA222 /* Resources */ = {
			isa = PBXResourcesBuildPhase;
			buildActionMask = 2147483647;
			files = (
				82D013912C2036D900FEA222 /* Preview Assets.xcassets in Resources */,
				82D0138E2C2036D900FEA222 /* Assets.xcassets in Resources */,
			);
			runOnlyForDeploymentPostprocessing = 0;
		};
/* End PBXResourcesBuildPhase section */

/* Begin PBXSourcesBuildPhase section */
		82D013822C2036D800FEA222 /* Sources */ = {
			isa = PBXSourcesBuildPhase;
			buildActionMask = 2147483647;
			files = (
				C75A00452C23F8C7002675B5 /* ObjectDetector.swift in Sources */,
				C75A003B2C23F815002675B5 /* GalleryResultView.swift in Sources */,
				C75A00432C23F8A2002675B5 /* DetectionOverlay.swift in Sources */,
				C75A00482C23F8FD002675B5 /* ImagePicker.swift in Sources */,
				82D0138C2C2036D800FEA222 /* ContentView.swift in Sources */,
				82D013A02C207E4900FEA222 /* CameraResultView.swift in Sources */,
				C75A00412C23F88E002675B5 /* CameraView.swift in Sources */,
				C75A004D2C23F93F002675B5 /* PhotoData.swift in Sources */,
				C75A004A2C23F914002675B5 /* UIimage.swift in Sources */,
				82CD2C692C241E9900C18D98 /* ClassificationModel.mlmodel in Sources */,
				82CD2C682C241E9900C18D98 /* ObjectDetector1.mlmodel in Sources */,
				C75A003E2C23F84A002675B5 /* DecidingTeamView.swift in Sources */,
				82D0138A2C2036D800FEA222 /* NC2_FinalApp.swift in Sources */,
			);
			runOnlyForDeploymentPostprocessing = 0;
		};
/* End PBXSourcesBuildPhase section */

/* Begin XCBuildConfiguration section */
		82D013922C2036D900FEA222 /* Debug */ = {
			isa = XCBuildConfiguration;
			buildSettings = {
				ALWAYS_SEARCH_USER_PATHS = NO;
				ASSETCATALOG_COMPILER_GENERATE_SWIFT_ASSET_SYMBOL_EXTENSIONS = YES;
				CLANG_ANALYZER_NONNULL = YES;
				CLANG_ANALYZER_NUMBER_OBJECT_CONVERSION = YES_AGGRESSIVE;
				CLANG_CXX_LANGUAGE_STANDARD = "gnu++20";
				CLANG_ENABLE_MODULES = YES;
				CLANG_ENABLE_OBJC_ARC = YES;
				CLANG_ENABLE_OBJC_WEAK = YES;
				CLANG_WARN_BLOCK_CAPTURE_AUTORELEASING = YES;
				CLANG_WARN_BOOL_CONVERSION = YES;
				CLANG_WARN_COMMA = YES;
				CLANG_WARN_CONSTANT_CONVERSION = YES;
				CLANG_WARN_DEPRECATED_OBJC_IMPLEMENTATIONS = YES;
				CLANG_WARN_DIRECT_OBJC_ISA_USAGE = YES_ERROR;
				CLANG_WARN_DOCUMENTATION_COMMENTS = YES;
				CLANG_WARN_EMPTY_BODY = YES;
				CLANG_WARN_ENUM_CONVERSION = YES;
				CLANG_WARN_INFINITE_RECURSION = YES;
				CLANG_WARN_INT_CONVERSION = YES;
				CLANG_WARN_NON_LITERAL_NULL_CONVERSION = YES;
				CLANG_WARN_OBJC_IMPLICIT_RETAIN_SELF = YES;
				CLANG_WARN_OBJC_LITERAL_CONVERSION = YES;
				CLANG_WARN_OBJC_ROOT_CLASS = YES_ERROR;
				CLANG_WARN_QUOTED_INCLUDE_IN_FRAMEWORK_HEADER = YES;
				CLANG_WARN_RANGE_LOOP_ANALYSIS = YES;
				CLANG_WARN_STRICT_PROTOTYPES = YES;
				CLANG_WARN_SUSPICIOUS_MOVE = YES;
				CLANG_WARN_UNGUARDED_AVAILABILITY = YES_AGGRESSIVE;
				CLANG_WARN_UNREACHABLE_CODE = YES;
				CLANG_WARN__DUPLICATE_METHOD_MATCH = YES;
				COPY_PHASE_STRIP = NO;
				DEBUG_INFORMATION_FORMAT = dwarf;
				ENABLE_STRICT_OBJC_MSGSEND = YES;
				ENABLE_TESTABILITY = YES;
				ENABLE_USER_SCRIPT_SANDBOXING = YES;
				GCC_C_LANGUAGE_STANDARD = gnu17;
				GCC_DYNAMIC_NO_PIC = NO;
				GCC_NO_COMMON_BLOCKS = YES;
				GCC_OPTIMIZATION_LEVEL = 0;
				GCC_PREPROCESSOR_DEFINITIONS = (
					"DEBUG=1",
					"$(inherited)",
				);
				GCC_WARN_64_TO_32_BIT_CONVERSION = YES;
				GCC_WARN_ABOUT_RETURN_TYPE = YES_ERROR;
				GCC_WARN_UNDECLARED_SELECTOR = YES;
				GCC_WARN_UNINITIALIZED_AUTOS = YES_AGGRESSIVE;
				GCC_WARN_UNUSED_FUNCTION = YES;
				GCC_WARN_UNUSED_VARIABLE = YES;
				IPHONEOS_DEPLOYMENT_TARGET = 17.5;
				LOCALIZATION_PREFERS_STRING_CATALOGS = YES;
				MTL_ENABLE_DEBUG_INFO = INCLUDE_SOURCE;
				MTL_FAST_MATH = YES;
				ONLY_ACTIVE_ARCH = YES;
				SDKROOT = iphoneos;
				SWIFT_ACTIVE_COMPILATION_CONDITIONS = "DEBUG $(inherited)";
				SWIFT_OPTIMIZATION_LEVEL = "-Onone";
			};
			name = Debug;
		};
		82D013932C2036D900FEA222 /* Release */ = {
			isa = XCBuildConfiguration;
			buildSettings = {
				ALWAYS_SEARCH_USER_PATHS = NO;
				ASSETCATALOG_COMPILER_GENERATE_SWIFT_ASSET_SYMBOL_EXTENSIONS = YES;
				CLANG_ANALYZER_NONNULL = YES;
				CLANG_ANALYZER_NUMBER_OBJECT_CONVERSION = YES_AGGRESSIVE;
				CLANG_CXX_LANGUAGE_STANDARD = "gnu++20";
				CLANG_ENABLE_MODULES = YES;
				CLANG_ENABLE_OBJC_ARC = YES;
				CLANG_ENABLE_OBJC_WEAK = YES;
				CLANG_WARN_BLOCK_CAPTURE_AUTORELEASING = YES;
				CLANG_WARN_BOOL_CONVERSION = YES;
				CLANG_WARN_COMMA = YES;
				CLANG_WARN_CONSTANT_CONVERSION = YES;
				CLANG_WARN_DEPRECATED_OBJC_IMPLEMENTATIONS = YES;
				CLANG_WARN_DIRECT_OBJC_ISA_USAGE = YES_ERROR;
				CLANG_WARN_DOCUMENTATION_COMMENTS = YES;
				CLANG_WARN_EMPTY_BODY = YES;
				CLANG_WARN_ENUM_CONVERSION = YES;
				CLANG_WARN_INFINITE_RECURSION = YES;
				CLANG_WARN_INT_CONVERSION = YES;
				CLANG_WARN_NON_LITERAL_NULL_CONVERSION = YES;
				CLANG_WARN_OBJC_IMPLICIT_RETAIN_SELF = YES;
				CLANG_WARN_OBJC_LITERAL_CONVERSION = YES;
				CLANG_WARN_OBJC_ROOT_CLASS = YES_ERROR;
				CLANG_WARN_QUOTED_INCLUDE_IN_FRAMEWORK_HEADER = YES;
				CLANG_WARN_RANGE_LOOP_ANALYSIS = YES;
				CLANG_WARN_STRICT_PROTOTYPES = YES;
				CLANG_WARN_SUSPICIOUS_MOVE = YES;
				CLANG_WARN_UNGUARDED_AVAILABILITY = YES_AGGRESSIVE;
				CLANG_WARN_UNREACHABLE_CODE = YES;
				CLANG_WARN__DUPLICATE_METHOD_MATCH = YES;
				COPY_PHASE_STRIP = NO;
				DEBUG_INFORMATION_FORMAT = "dwarf-with-dsym";
				ENABLE_NS_ASSERTIONS = NO;
				ENABLE_STRICT_OBJC_MSGSEND = YES;
				ENABLE_USER_SCRIPT_SANDBOXING = YES;
				GCC_C_LANGUAGE_STANDARD = gnu17;
				GCC_NO_COMMON_BLOCKS = YES;
				GCC_WARN_64_TO_32_BIT_CONVERSION = YES;
				GCC_WARN_ABOUT_RETURN_TYPE = YES_ERROR;
				GCC_WARN_UNDECLARED_SELECTOR = YES;
				GCC_WARN_UNINITIALIZED_AUTOS = YES_AGGRESSIVE;
				GCC_WARN_UNUSED_FUNCTION = YES;
				GCC_WARN_UNUSED_VARIABLE = YES;
				IPHONEOS_DEPLOYMENT_TARGET = 17.5;
				LOCALIZATION_PREFERS_STRING_CATALOGS = YES;
				MTL_ENABLE_DEBUG_INFO = NO;
				MTL_FAST_MATH = YES;
				SDKROOT = iphoneos;
				SWIFT_COMPILATION_MODE = wholemodule;
				VALIDATE_PRODUCT = YES;
			};
			name = Release;
		};
		82D013952C2036D900FEA222 /* Debug */ = {
			isa = XCBuildConfiguration;
			buildSettings = {
				ASSETCATALOG_COMPILER_APPICON_NAME = AppIcon;
				ASSETCATALOG_COMPILER_GLOBAL_ACCENT_COLOR_NAME = AccentColor;
				CODE_SIGN_STYLE = Automatic;
				CURRENT_PROJECT_VERSION = 1;
				DEVELOPMENT_ASSET_PATHS = "\"NC2-Final/Preview Content\"";
				DEVELOPMENT_TEAM = 7S6LWLK37L;
				ENABLE_PREVIEWS = YES;
				GENERATE_INFOPLIST_FILE = YES;
				INFOPLIST_KEY_LSApplicationCategoryType = "";
				INFOPLIST_KEY_NSCameraUsageDescription = "카메라를 허용해야 합니다.";
				INFOPLIST_KEY_UIApplicationSceneManifest_Generation = YES;
				INFOPLIST_KEY_UIApplicationSupportsIndirectInputEvents = YES;
				INFOPLIST_KEY_UILaunchScreen_Generation = YES;
				INFOPLIST_KEY_UISupportedInterfaceOrientations_iPad = "UIInterfaceOrientationPortrait UIInterfaceOrientationPortraitUpsideDown UIInterfaceOrientationLandscapeLeft UIInterfaceOrientationLandscapeRight";
				INFOPLIST_KEY_UISupportedInterfaceOrientations_iPhone = "UIInterfaceOrientationPortrait UIInterfaceOrientationLandscapeLeft UIInterfaceOrientationLandscapeRight";
				INFOPLIST_KEY_UIUserInterfaceStyle = Dark;
				IPHONEOS_DEPLOYMENT_TARGET = 17.0;
				LD_RUNPATH_SEARCH_PATHS = (
					"$(inherited)",
					"@executable_path/Frameworks",
				);
				MARKETING_VERSION = 1.0;
				PRODUCT_BUNDLE_IDENTIFIER = com.hajunkimApple.;
				PRODUCT_NAME = "$(TARGET_NAME)";
				SWIFT_EMIT_LOC_STRINGS = YES;
				SWIFT_VERSION = 5.0;
				TARGETED_DEVICE_FAMILY = "1,2";
			};
			name = Debug;
		};
		82D013962C2036D900FEA222 /* Release */ = {
			isa = XCBuildConfiguration;
			buildSettings = {
				ASSETCATALOG_COMPILER_APPICON_NAME = AppIcon;
				ASSETCATALOG_COMPILER_GLOBAL_ACCENT_COLOR_NAME = AccentColor;
				CODE_SIGN_STYLE = Automatic;
				CURRENT_PROJECT_VERSION = 1;
				DEVELOPMENT_ASSET_PATHS = "\"NC2-Final/Preview Content\"";
				DEVELOPMENT_TEAM = 7S6LWLK37L;
				ENABLE_PREVIEWS = YES;
				GENERATE_INFOPLIST_FILE = YES;
				INFOPLIST_KEY_LSApplicationCategoryType = "";
				INFOPLIST_KEY_NSCameraUsageDescription = "카메라를 허용해야 합니다.";
				INFOPLIST_KEY_UIApplicationSceneManifest_Generation = YES;
				INFOPLIST_KEY_UIApplicationSupportsIndirectInputEvents = YES;
				INFOPLIST_KEY_UILaunchScreen_Generation = YES;
				INFOPLIST_KEY_UISupportedInterfaceOrientations_iPad = "UIInterfaceOrientationPortrait UIInterfaceOrientationPortraitUpsideDown UIInterfaceOrientationLandscapeLeft UIInterfaceOrientationLandscapeRight";
				INFOPLIST_KEY_UISupportedInterfaceOrientations_iPhone = "UIInterfaceOrientationPortrait UIInterfaceOrientationLandscapeLeft UIInterfaceOrientationLandscapeRight";
				INFOPLIST_KEY_UIUserInterfaceStyle = Dark;
				IPHONEOS_DEPLOYMENT_TARGET = 17.0;
				LD_RUNPATH_SEARCH_PATHS = (
					"$(inherited)",
					"@executable_path/Frameworks",
				);
				MARKETING_VERSION = 1.0;
				PRODUCT_BUNDLE_IDENTIFIER = com.hajunkimApple.;
				PRODUCT_NAME = "$(TARGET_NAME)";
				SWIFT_EMIT_LOC_STRINGS = YES;
				SWIFT_VERSION = 5.0;
				TARGETED_DEVICE_FAMILY = "1,2";
			};
			name = Release;
		};
/* End XCBuildConfiguration section */

/* Begin XCConfigurationList section */
		82D013812C2036D800FEA222 /* Build configuration list for PBXProject "NC2-Final" */ = {
			isa = XCConfigurationList;
			buildConfigurations = (
				82D013922C2036D900FEA222 /* Debug */,
				82D013932C2036D900FEA222 /* Release */,
			);
			defaultConfigurationIsVisible = 0;
			defaultConfigurationName = Release;
		};
		82D013942C2036D900FEA222 /* Build configuration list for PBXNativeTarget "NC2-Final" */ = {
			isa = XCConfigurationList;
			buildConfigurations = (
				82D013952C2036D900FEA222 /* Debug */,
				82D013962C2036D900FEA222 /* Release */,
			);
			defaultConfigurationIsVisible = 0;
			defaultConfigurationName = Release;
		};
/* End XCConfigurationList section */
	};
	rootObject = 82D0137E2C2036D800FEA222 /* Project object */;
}
